PODS:
  - Nimble (9.2.1)
  - Quick (4.0.0)
  - SwiftyJSON (5.0.1)

DEPENDENCIES:
  - Nimble
  - Quick
  - SwiftyJSON

SPEC REPOS:
  trunk:
    - Nimble
    - Quick
    - SwiftyJSON

SPEC CHECKSUMS:
  Nimble: e7e615c0335ee4bf5b0d786685451e62746117d5
  Quick: 6473349e43b9271a8d43839d9ba1c442ed1b7ac4
  SwiftyJSON: 2f33a42c6fbc52764d96f13368585094bfd8aa5e

PODFILE CHECKSUM: 7df44884805e5364a94b2cdb807b338278f41eb4

COCOAPODS: 1.11.2
